// !$*UTF8*$!
{
	archiveVersion = 1;
	classes = {
	};
	objectVersion = 77;
	objects = {

/* Begin PBXBuildFile section */
		012B8D132EB5CD4200C682F1 /* GRPCCodeGen in Frameworks */ = {isa = PBXBuildFile; productRef = 012B8D122EB5CD4200C682F1 /* GRPCCodeGen */; };
		012B8D152EB5CD4200C682F1 /* GRPCCore in Frameworks */ = {isa = PBXBuildFile; productRef = 012B8D142EB5CD4200C682F1 /* GRPCCore */; };
		012B8D172EB5CD4200C682F1 /* GRPCInProcessTransport in Frameworks */ = {isa = PBXBuildFile; productRef = 012B8D162EB5CD4200C682F1 /* GRPCInProcessTransport */; };
		012B8D1A2EB5CD8C00C682F1 /* GRPCProtobuf in Frameworks */ = {isa = PBXBuildFile; productRef = 012B8D192EB5CD8C00C682F1 /* GRPCProtobuf */; };
		012B8D1C2EB5CD8C00C682F1 /* protoc-gen-grpc-swift-2 in Frameworks */ = {isa = PBXBuildFile; productRef = 012B8D1B2EB5CD8C00C682F1 /* protoc-gen-grpc-swift-2 */; };
/* End PBXBuildFile section */

/* Begin PBXContainerItemProxy section */
		01F77BB02EB5C6730067873E /* PBXContainerItemProxy */ = {
			isa = PBXContainerItemProxy;
			containerPortal = 01F77B982EB5C6720067873E /* Project object */;
			proxyType = 1;
			remoteGlobalIDString = 01F77B9F2EB5C6720067873E;
			remoteInfo = client;
		};
		01F77BBA2EB5C6730067873E /* PBXContainerItemProxy */ = {
			isa = PBXContainerItemProxy;
			containerPortal = 01F77B982EB5C6720067873E /* Project object */;
			proxyType = 1;
			remoteGlobalIDString = 01F77B9F2EB5C6720067873E;
			remoteInfo = client;
		};
/* End PBXContainerItemProxy section */

/* Begin PBXFileReference section */
		01F77BA02EB5C6720067873E /* client.app */ = {isa = PBXFileReference; explicitFileType = wrapper.application; includeInIndex = 0; path = client.app; sourceTree = BUILT_PRODUCTS_DIR; };
		01F77BAF2EB5C6730067873E /* clientTests.xctest */ = {isa = PBXFileReference; explicitFileType = wrapper.cfbundle; includeInIndex = 0; path = clientTests.xctest; sourceTree = BUILT_PRODUCTS_DIR; };
		01F77BB92EB5C6730067873E /* clientUITests.xctest */ = {isa = PBXFileReference; explicitFileType = wrapper.cfbundle; includeInIndex = 0; path = clientUITests.xctest; sourceTree = BUILT_PRODUCTS_DIR; };
/* End PBXFileReference section */

/* Begin PBXFileSystemSynchronizedRootGroup section */
		01F77BA22EB5C6720067873E /* client */ = {
			isa = PBXFileSystemSynchronizedRootGroup;
			path = client;
			sourceTree = "<group>";
		};
		01F77BB22EB5C6730067873E /* clientTests */ = {
			isa = PBXFileSystemSynchronizedRootGroup;
			path = clientTests;
			sourceTree = "<group>";
		};
		01F77BBC2EB5C6730067873E /* clientUITests */ = {
			isa = PBXFileSystemSynchronizedRootGroup;
			path = clientUITests;
			sourceTree = "<group>";
		};
/* End PBXFileSystemSynchronizedRootGroup section */

/* Begin PBXFrameworksBuildPhase section */
		01F77B9D2EB5C6720067873E /* Frameworks */ = {
			isa = PBXFrameworksBuildPhase;
			buildActionMask = 2147483647;
			files = (
				012B8D132EB5CD4200C682F1 /* GRPCCodeGen in Frameworks */,
				012B8D1A2EB5CD8C00C682F1 /* GRPCProtobuf in Frameworks */,
				012B8D152EB5CD4200C682F1 /* GRPCCore in Frameworks */,
				012B8D1C2EB5CD8C00C682F1 /* protoc-gen-grpc-swift-2 in Frameworks */,
				012B8D172EB5CD4200C682F1 /* GRPCInProcessTransport in Frameworks */,
			);
			runOnlyForDeploymentPostprocessing = 0;
		};
		01F77BAC2EB5C6730067873E /* Frameworks */ = {
			isa = PBXFrameworksBuildPhase;
			buildActionMask = 2147483647;
			files = (
			);
			runOnlyForDeploymentPostprocessing = 0;
		};
		01F77BB62EB5C6730067873E /* Frameworks */ = {
			isa = PBXFrameworksBuildPhase;
			buildActionMask = 2147483647;
			files = (
			);
			runOnlyForDeploymentPostprocessing = 0;
		};
/* End PBXFrameworksBuildPhase section */

/* Begin PBXGroup section */
		01F77B972EB5C6720067873E = {
			isa = PBXGroup;
			children = (
				01F77BA22EB5C6720067873E /* client */,
				01F77BB22EB5C6730067873E /* clientTests */,
				01F77BBC2EB5C6730067873E /* clientUITests */,
				01F77BA12EB5C6720067873E /* Products */,
			);
			sourceTree = "<group>";
		};
		01F77BA12EB5C6720067873E /* Products */ = {
			isa = PBXGroup;
			children = (
				01F77BA02EB5C6720067873E /* client.app */,
				01F77BAF2EB5C6730067873E /* clientTests.xctest */,
				01F77BB92EB5C6730067873E /* clientUITests.xctest */,
			);
			name = Products;
			sourceTree = "<group>";
		};
/* End PBXGroup section */

/* Begin PBXNativeTarget section */
		01F77B9F2EB5C6720067873E /* client */ = {
			isa = PBXNativeTarget;
			buildConfigurationList = 01F77BC32EB5C6730067873E /* Build configuration list for PBXNativeTarget "client" */;
			buildPhases = (
				01F77B9C2EB5C6720067873E /* Sources */,
				01F77B9D2EB5C6720067873E /* Frameworks */,
				01F77B9E2EB5C6720067873E /* Resources */,
			);
			buildRules = (
			);
			dependencies = (
			);
			fileSystemSynchronizedGroups = (
				01F77BA22EB5C6720067873E /* client */,
			);
			name = client;
			packageProductDependencies = (
				012B8D122EB5CD4200C682F1 /* GRPCCodeGen */,
				012B8D142EB5CD4200C682F1 /* GRPCCore */,
				012B8D162EB5CD4200C682F1 /* GRPCInProcessTransport */,
				012B8D192EB5CD8C00C682F1 /* GRPCProtobuf */,
				012B8D1B2EB5CD8C00C682F1 /* protoc-gen-grpc-swift-2 */,
			);
			productName = client;
			productReference = 01F77BA02EB5C6720067873E /* client.app */;
			productType = "com.apple.product-type.application";
		};
		01F77BAE2EB5C6730067873E /* clientTests */ = {
			isa = PBXNativeTarget;
			buildConfigurationList = 01F77BC62EB5C6730067873E /* Build configuration list for PBXNativeTarget "clientTests" */;
			buildPhases = (
				01F77BAB2EB5C6730067873E /* Sources */,
				01F77BAC2EB5C6730067873E /* Frameworks */,
				01F77BAD2EB5C6730067873E /* Resources */,
			);
			buildRules = (
			);
			dependencies = (
				01F77BB12EB5C6730067873E /* PBXTargetDependency */,
			);
			fileSystemSynchronizedGroups = (
				01F77BB22EB5C6730067873E /* clientTests */,
			);
			name = clientTests;
			packageProductDependencies = (
			);
			productName = clientTests;
			productReference = 01F77BAF2EB5C6730067873E /* clientTests.xctest */;
			productType = "com.apple.product-type.bundle.unit-test";
		};
		01F77BB82EB5C6730067873E /* clientUITests */ = {
			isa = PBXNativeTarget;
			buildConfigurationList = 01F77BC92EB5C6730067873E /* Build configuration list for PBXNativeTarget "clientUITests" */;
			buildPhases = (
				01F77BB52EB5C6730067873E /* Sources */,
				01F77BB62EB5C6730067873E /* Frameworks */,
				01F77BB72EB5C6730067873E /* Resources */,
			);
			buildRules = (
			);
			dependencies = (
				01F77BBB2EB5C6730067873E /* PBXTargetDependency */,
			);
			fileSystemSynchronizedGroups = (
				01F77BBC2EB5C6730067873E /* clientUITests */,
			);
			name = clientUITests;
			packageProductDependencies = (
			);
			productName = clientUITests;
			productReference = 01F77BB92EB5C6730067873E /* clientUITests.xctest */;
			productType = "com.apple.product-type.bundle.ui-testing";
		};
/* End PBXNativeTarget section */

/* Begin PBXProject section */
		01F77B982EB5C6720067873E /* Project object */ = {
			isa = PBXProject;
			attributes = {
				BuildIndependentTargetsInParallel = 1;
				LastSwiftUpdateCheck = 2600;
				LastUpgradeCheck = 2600;
				TargetAttributes = {
					01F77B9F2EB5C6720067873E = {
						CreatedOnToolsVersion = 26.0.1;
					};
					01F77BAE2EB5C6730067873E = {
						CreatedOnToolsVersion = 26.0.1;
						TestTargetID = 01F77B9F2EB5C6720067873E;
					};
					01F77BB82EB5C6730067873E = {
						CreatedOnToolsVersion = 26.0.1;
						TestTargetID = 01F77B9F2EB5C6720067873E;
					};
				};
			};
			buildConfigurationList = 01F77B9B2EB5C6720067873E /* Build configuration list for PBXProject "client" */;
			developmentRegion = en;
			hasScannedForEncodings = 0;
			knownRegions = (
				en,
				Base,
			);
			mainGroup = 01F77B972EB5C6720067873E;
			minimizedProjectReferenceProxies = 1;
			packageReferences = (
				012B8D112EB5CD4200C682F1 /* XCRemoteSwiftPackageReference "grpc-swift-2" */,
				012B8D182EB5CD8C00C682F1 /* XCRemoteSwiftPackageReference "grpc-swift-protobuf" */,
			);
			preferredProjectObjectVersion = 77;
			productRefGroup = 01F77BA12EB5C6720067873E /* Products */;
			projectDirPath = "";
			projectRoot = "";
			targets = (
				01F77B9F2EB5C6720067873E /* client */,
				01F77BAE2EB5C6730067873E /* clientTests */,
				01F77BB82EB5C6730067873E /* clientUITests */,
			);
		};
/* End PBXProject section */

/* Begin PBXResourcesBuildPhase section */
		01F77B9E2EB5C6720067873E /* Resources */ = {
			isa = PBXResourcesBuildPhase;
			buildActionMask = 2147483647;
			files = (
			);
			runOnlyForDeploymentPostprocessing = 0;
		};
		01F77BAD2EB5C6730067873E /* Resources */ = {
			isa = PBXResourcesBuildPhase;
			buildActionMask = 2147483647;
			files = (
			);
			runOnlyForDeploymentPostprocessing = 0;
		};
		01F77BB72EB5C6730067873E /* Resources */ = {
			isa = PBXResourcesBuildPhase;
			buildActionMask = 2147483647;
			files = (
			);
			runOnlyForDeploymentPostprocessing = 0;
		};
/* End PBXResourcesBuildPhase section */

/* Begin PBXSourcesBuildPhase section */
		01F77B9C2EB5C6720067873E /* Sources */ = {
			isa = PBXSourcesBuildPhase;
			buildActionMask = 2147483647;
			files = (
			);
			runOnlyForDeploymentPostprocessing = 0;
		};
		01F77BAB2EB5C6730067873E /* Sources */ = {
			isa = PBXSourcesBuildPhase;
			buildActionMask = 2147483647;
			files = (
			);
			runOnlyForDeploymentPostprocessing = 0;
		};
		01F77BB52EB5C6730067873E /* Sources */ = {
			isa = PBXSourcesBuildPhase;
			buildActionMask = 2147483647;
			files = (
			);
			runOnlyForDeploymentPostprocessing = 0;
		};
/* End PBXSourcesBuildPhase section */

/* Begin PBXTargetDependency section */
		01F77BB12EB5C6730067873E /* PBXTargetDependency */ = {
			isa = PBXTargetDependency;
			target = 01F77B9F2EB5C6720067873E /* client */;
			targetProxy = 01F77BB02EB5C6730067873E /* PBXContainerItemProxy */;
		};
		01F77BBB2EB5C6730067873E /* PBXTargetDependency */ = {
			isa = PBXTargetDependency;
			target = 01F77B9F2EB5C6720067873E /* client */;
			targetProxy = 01F77BBA2EB5C6730067873E /* PBXContainerItemProxy */;
		};
/* End PBXTargetDependency section */

/* Begin XCBuildConfiguration section */
		01F77BC12EB5C6730067873E /* Debug */ = {
			isa = XCBuildConfiguration;
			buildSettings = {
				ALWAYS_SEARCH_USER_PATHS = NO;
				ASSETCATALOG_COMPILER_GENERATE_SWIFT_ASSET_SYMBOL_EXTENSIONS = YES;
				CLANG_ANALYZER_NONNULL = YES;
				CLANG_ANALYZER_NUMBER_OBJECT_CONVERSION = YES_AGGRESSIVE;
				CLANG_CXX_LANGUAGE_STANDARD = "gnu++20";
				CLANG_ENABLE_MODULES = YES;
				CLANG_ENABLE_OBJC_ARC = YES;
				CLANG_ENABLE_OBJC_WEAK = YES;
				CLANG_WARN_BLOCK_CAPTURE_AUTORELEASING = YES;
				CLANG_WARN_BOOL_CONVERSION = YES;
				CLANG_WARN_COMMA = YES;
				CLANG_WARN_CONSTANT_CONVERSION = YES;
				CLANG_WARN_DEPRECATED_OBJC_IMPLEMENTATIONS = YES;
				CLANG_WARN_DIRECT_OBJC_ISA_USAGE = YES_ERROR;
				CLANG_WARN_DOCUMENTATION_COMMENTS = YES;
				CLANG_WARN_EMPTY_BODY = YES;
				CLANG_WARN_ENUM_CONVERSION = YES;
				CLANG_WARN_INFINITE_RECURSION = YES;
				CLANG_WARN_INT_CONVERSION = YES;
				CLANG_WARN_NON_LITERAL_NULL_CONVERSION = YES;
				CLANG_WARN_OBJC_IMPLICIT_RETAIN_SELF = YES;
				CLANG_WARN_OBJC_LITERAL_CONVERSION = YES;
				CLANG_WARN_OBJC_ROOT_CLASS = YES_ERROR;
				CLANG_WARN_QUOTED_INCLUDE_IN_FRAMEWORK_HEADER = YES;
				CLANG_WARN_RANGE_LOOP_ANALYSIS = YES;
				CLANG_WARN_STRICT_PROTOTYPES = YES;
				CLANG_WARN_SUSPICIOUS_MOVE = YES;
				CLANG_WARN_UNGUARDED_AVAILABILITY = YES_AGGRESSIVE;
				CLANG_WARN_UNREACHABLE_CODE = YES;
				CLANG_WARN__DUPLICATE_METHOD_MATCH = YES;
				COPY_PHASE_STRIP = NO;
				DEBUG_INFORMATION_FORMAT = dwarf;
				ENABLE_STRICT_OBJC_MSGSEND = YES;
				ENABLE_TESTABILITY = YES;
				ENABLE_USER_SCRIPT_SANDBOXING = YES;
				GCC_C_LANGUAGE_STANDARD = gnu17;
				GCC_DYNAMIC_NO_PIC = NO;
				GCC_NO_COMMON_BLOCKS = YES;
				GCC_OPTIMIZATION_LEVEL = 0;
				GCC_PREPROCESSOR_DEFINITIONS = (
					"DEBUG=1",
					"$(inherited)",
				);
				GCC_WARN_64_TO_32_BIT_CONVERSION = YES;
				GCC_WARN_ABOUT_RETURN_TYPE = YES_ERROR;
				GCC_WARN_UNDECLARED_SELECTOR = YES;
				GCC_WARN_UNINITIALIZED_AUTOS = YES_AGGRESSIVE;
				GCC_WARN_UNUSED_FUNCTION = YES;
				GCC_WARN_UNUSED_VARIABLE = YES;
				IPHONEOS_DEPLOYMENT_TARGET = 26.0;
				LOCALIZATION_PREFERS_STRING_CATALOGS = YES;
				MTL_ENABLE_DEBUG_INFO = INCLUDE_SOURCE;
				MTL_FAST_MATH = YES;
				ONLY_ACTIVE_ARCH = YES;
				SDKROOT = iphoneos;
				SWIFT_ACTIVE_COMPILATION_CONDITIONS = "DEBUG $(inherited)";
				SWIFT_OPTIMIZATION_LEVEL = "-Onone";
				SWIFT_VERSION = 6.0;
			};
			name = Debug;
		};
		01F77BC22EB5C6730067873E /* Release */ = {
			isa = XCBuildConfiguration;
			buildSettings = {
				ALWAYS_SEARCH_USER_PATHS = NO;
				ASSETCATALOG_COMPILER_GENERATE_SWIFT_ASSET_SYMBOL_EXTENSIONS = YES;
				CLANG_ANALYZER_NONNULL = YES;
				CLANG_ANALYZER_NUMBER_OBJECT_CONVERSION = YES_AGGRESSIVE;
				CLANG_CXX_LANGUAGE_STANDARD = "gnu++20";
				CLANG_ENABLE_MODULES = YES;
				CLANG_ENABLE_OBJC_ARC = YES;
				CLANG_ENABLE_OBJC_WEAK = YES;
				CLANG_WARN_BLOCK_CAPTURE_AUTORELEASING = YES;
				CLANG_WARN_BOOL_CONVERSION = YES;
				CLANG_WARN_COMMA = YES;
				CLANG_WARN_CONSTANT_CONVERSION = YES;
				CLANG_WARN_DEPRECATED_OBJC_IMPLEMENTATIONS = YES;
				CLANG_WARN_DIRECT_OBJC_ISA_USAGE = YES_ERROR;
				CLANG_WARN_DOCUMENTATION_COMMENTS = YES;
				CLANG_WARN_EMPTY_BODY = YES;
				CLANG_WARN_ENUM_CONVERSION = YES;
				CLANG_WARN_INFINITE_RECURSION = YES;
				CLANG_WARN_INT_CONVERSION = YES;
				CLANG_WARN_NON_LITERAL_NULL_CONVERSION = YES;
				CLANG_WARN_OBJC_IMPLICIT_RETAIN_SELF = YES;
				CLANG_WARN_OBJC_LITERAL_CONVERSION = YES;
				CLANG_WARN_OBJC_ROOT_CLASS = YES_ERROR;
				CLANG_WARN_QUOTED_INCLUDE_IN_FRAMEWORK_HEADER = YES;
				CLANG_WARN_RANGE_LOOP_ANALYSIS = YES;
				CLANG_WARN_STRICT_PROTOTYPES = YES;
				CLANG_WARN_SUSPICIOUS_MOVE = YES;
				CLANG_WARN_UNGUARDED_AVAILABILITY = YES_AGGRESSIVE;
				CLANG_WARN_UNREACHABLE_CODE = YES;
				CLANG_WARN__DUPLICATE_METHOD_MATCH = YES;
				COPY_PHASE_STRIP = NO;
				DEBUG_INFORMATION_FORMAT = "dwarf-with-dsym";
				ENABLE_NS_ASSERTIONS = NO;
				ENABLE_STRICT_OBJC_MSGSEND = YES;
				ENABLE_USER_SCRIPT_SANDBOXING = YES;
				GCC_C_LANGUAGE_STANDARD = gnu17;
				GCC_NO_COMMON_BLOCKS = YES;
				GCC_WARN_64_TO_32_BIT_CONVERSION = YES;
				GCC_WARN_ABOUT_RETURN_TYPE = YES_ERROR;
				GCC_WARN_UNDECLARED_SELECTOR = YES;
				GCC_WARN_UNINITIALIZED_AUTOS = YES_AGGRESSIVE;
				GCC_WARN_UNUSED_FUNCTION = YES;
				GCC_WARN_UNUSED_VARIABLE = YES;
				IPHONEOS_DEPLOYMENT_TARGET = 26.0;
				LOCALIZATION_PREFERS_STRING_CATALOGS = YES;
				MTL_ENABLE_DEBUG_INFO = NO;
				MTL_FAST_MATH = YES;
				SDKROOT = iphoneos;
				SWIFT_COMPILATION_MODE = wholemodule;
				SWIFT_VERSION = 6.0;
				VALIDATE_PRODUCT = YES;
			};
			name = Release;
		};
		01F77BC42EB5C6730067873E /* Debug */ = {
			isa = XCBuildConfiguration;
			buildSettings = {
				ASSETCATALOG_COMPILER_APPICON_NAME = AppIcon;
				ASSETCATALOG_COMPILER_GLOBAL_ACCENT_COLOR_NAME = AccentColor;
				CODE_SIGN_STYLE = Automatic;
				CURRENT_PROJECT_VERSION = 1;
				DEVELOPMENT_TEAM = 4A23V88TP5;
				ENABLE_PREVIEWS = YES;
				GENERATE_INFOPLIST_FILE = YES;
				INFOPLIST_KEY_UIApplicationSceneManifest_Generation = YES;
				INFOPLIST_KEY_UIApplicationSupportsIndirectInputEvents = YES;
				INFOPLIST_KEY_UILaunchScreen_Generation = YES;
				INFOPLIST_KEY_UISupportedInterfaceOrientations_iPad = "UIInterfaceOrientationPortrait UIInterfaceOrientationPortraitUpsideDown UIInterfaceOrientationLandscapeLeft UIInterfaceOrientationLandscapeRight";
				INFOPLIST_KEY_UISupportedInterfaceOrientations_iPhone = "UIInterfaceOrientationPortrait UIInterfaceOrientationLandscapeLeft UIInterfaceOrientationLandscapeRight";
				LD_RUNPATH_SEARCH_PATHS = (
					"$(inherited)",
					"@executable_path/Frameworks",
				);
				MARKETING_VERSION = 1.0;
				PRODUCT_BUNDLE_IDENTIFIER = "com.dvaldivia.grpc-swift-2-example.client";
				PRODUCT_NAME = "$(TARGET_NAME)";
				STRING_CATALOG_GENERATE_SYMBOLS = YES;
				SWIFT_APPROACHABLE_CONCURRENCY = YES;
				SWIFT_DEFAULT_ACTOR_ISOLATION = MainActor;
				SWIFT_EMIT_LOC_STRINGS = YES;
				SWIFT_UPCOMING_FEATURE_MEMBER_IMPORT_VISIBILITY = YES;
				SWIFT_VERSION = 5.0;
				TARGETED_DEVICE_FAMILY = "1,2";
			};
			name = Debug;
		};
		01F77BC52EB5C6730067873E /* Release */ = {
			isa = XCBuildConfiguration;
			buildSettings = {
				ASSETCATALOG_COMPILER_APPICON_NAME = AppIcon;
				ASSETCATALOG_COMPILER_GLOBAL_ACCENT_COLOR_NAME = AccentColor;
				CODE_SIGN_STYLE = Automatic;
				CURRENT_PROJECT_VERSION = 1;
				DEVELOPMENT_TEAM = 4A23V88TP5;
				ENABLE_PREVIEWS = YES;
				GENERATE_INFOPLIST_FILE = YES;
				INFOPLIST_KEY_UIApplicationSceneManifest_Generation = YES;
				INFOPLIST_KEY_UIApplicationSupportsIndirectInputEvents = YES;
				INFOPLIST_KEY_UILaunchScreen_Generation = YES;
				INFOPLIST_KEY_UISupportedInterfaceOrientations_iPad = "UIInterfaceOrientationPortrait UIInterfaceOrientationPortraitUpsideDown UIInterfaceOrientationLandscapeLeft UIInterfaceOrientationLandscapeRight";
				INFOPLIST_KEY_UISupportedInterfaceOrientations_iPhone = "UIInterfaceOrientationPortrait UIInterfaceOrientationLandscapeLeft UIInterfaceOrientationLandscapeRight";
				LD_RUNPATH_SEARCH_PATHS = (
					"$(inherited)",
					"@executable_path/Frameworks",
				);
				MARKETING_VERSION = 1.0;
				PRODUCT_BUNDLE_IDENTIFIER = "com.dvaldivia.grpc-swift-2-example.client";
				PRODUCT_NAME = "$(TARGET_NAME)";
				STRING_CATALOG_GENERATE_SYMBOLS = YES;
				SWIFT_APPROACHABLE_CONCURRENCY = YES;
				SWIFT_DEFAULT_ACTOR_ISOLATION = MainActor;
				SWIFT_EMIT_LOC_STRINGS = YES;
				SWIFT_UPCOMING_FEATURE_MEMBER_IMPORT_VISIBILITY = YES;
				SWIFT_VERSION = 5.0;
				TARGETED_DEVICE_FAMILY = "1,2";
			};
			name = Release;
		};
		01F77BC72EB5C6730067873E /* Debug */ = {
			isa = XCBuildConfiguration;
			buildSettings = {
				BUNDLE_LOADER = "$(TEST_HOST)";
				CODE_SIGN_STYLE = Automatic;
				CURRENT_PROJECT_VERSION = 1;
				GENERATE_INFOPLIST_FILE = YES;
				IPHONEOS_DEPLOYMENT_TARGET = 26.0;
				MARKETING_VERSION = 1.0;
				PRODUCT_BUNDLE_IDENTIFIER = "com.dvaldivia.grpc-swift-2-example.clientTests";
				PRODUCT_NAME = "$(TARGET_NAME)";
				STRING_CATALOG_GENERATE_SYMBOLS = NO;
				SWIFT_APPROACHABLE_CONCURRENCY = YES;
				SWIFT_EMIT_LOC_STRINGS = NO;
				SWIFT_UPCOMING_FEATURE_MEMBER_IMPORT_VISIBILITY = YES;
				SWIFT_VERSION = 5.0;
				TARGETED_DEVICE_FAMILY = "1,2";
				TEST_HOST = "$(BUILT_PRODUCTS_DIR)/client.app/$(BUNDLE_EXECUTABLE_FOLDER_PATH)/client";
			};
			name = Debug;
		};
		01F77BC82EB5C6730067873E /* Release */ = {
			isa = XCBuildConfiguration;
			buildSettings = {
				BUNDLE_LOADER = "$(TEST_HOST)";
				CODE_SIGN_STYLE = Automatic;
				CURRENT_PROJECT_VERSION = 1;
				GENERATE_INFOPLIST_FILE = YES;
				IPHONEOS_DEPLOYMENT_TARGET = 26.0;
				MARKETING_VERSION = 1.0;
				PRODUCT_BUNDLE_IDENTIFIER = "com.dvaldivia.grpc-swift-2-example.clientTests";
				PRODUCT_NAME = "$(TARGET_NAME)";
				STRING_CATALOG_GENERATE_SYMBOLS = NO;
				SWIFT_APPROACHABLE_CONCURRENCY = YES;
				SWIFT_EMIT_LOC_STRINGS = NO;
				SWIFT_UPCOMING_FEATURE_MEMBER_IMPORT_VISIBILITY = YES;
				SWIFT_VERSION = 5.0;
				TARGETED_DEVICE_FAMILY = "1,2";
				TEST_HOST = "$(BUILT_PRODUCTS_DIR)/client.app/$(BUNDLE_EXECUTABLE_FOLDER_PATH)/client";
			};
			name = Release;
		};
		01F77BCA2EB5C6730067873E /* Debug */ = {
			isa = XCBuildConfiguration;
			buildSettings = {
				CODE_SIGN_STYLE = Automatic;
				CURRENT_PROJECT_VERSION = 1;
				GENERATE_INFOPLIST_FILE = YES;
				MARKETING_VERSION = 1.0;
				PRODUCT_BUNDLE_IDENTIFIER = "com.dvaldivia.grpc-swift-2-example.clientUITests";
				PRODUCT_NAME = "$(TARGET_NAME)";
				STRING_CATALOG_GENERATE_SYMBOLS = NO;
				SWIFT_APPROACHABLE_CONCURRENCY = YES;
				SWIFT_EMIT_LOC_STRINGS = NO;
				SWIFT_UPCOMING_FEATURE_MEMBER_IMPORT_VISIBILITY = YES;
				SWIFT_VERSION = 5.0;
				TARGETED_DEVICE_FAMILY = "1,2";
				TEST_TARGET_NAME = client;
			};
			name = Debug;
		};
		01F77BCB2EB5C6730067873E /* Release */ = {
			isa = XCBuildConfiguration;
			buildSettings = {
				CODE_SIGN_STYLE = Automatic;
				CURRENT_PROJECT_VERSION = 1;
				GENERATE_INFOPLIST_FILE = YES;
				MARKETING_VERSION = 1.0;
				PRODUCT_BUNDLE_IDENTIFIER = "com.dvaldivia.grpc-swift-2-example.clientUITests";
				PRODUCT_NAME = "$(TARGET_NAME)";
				STRING_CATALOG_GENERATE_SYMBOLS = NO;
				SWIFT_APPROACHABLE_CONCURRENCY = YES;
				SWIFT_EMIT_LOC_STRINGS = NO;
				SWIFT_UPCOMING_FEATURE_MEMBER_IMPORT_VISIBILITY = YES;
				SWIFT_VERSION = 5.0;
				TARGETED_DEVICE_FAMILY = "1,2";
				TEST_TARGET_NAME = client;
			};
			name = Release;
		};
/* End XCBuildConfiguration section */

/* Begin XCConfigurationList section */
		01F77B9B2EB5C6720067873E /* Build configuration list for PBXProject "client" */ = {
			isa = XCConfigurationList;
			buildConfigurations = (
				01F77BC12EB5C6730067873E /* Debug */,
				01F77BC22EB5C6730067873E /* Release */,
			);
			defaultConfigurationIsVisible = 0;
			defaultConfigurationName = Release;
		};
		01F77BC32EB5C6730067873E /* Build configuration list for PBXNativeTarget "client" */ = {
			isa = XCConfigurationList;
			buildConfigurations = (
				01F77BC42EB5C6730067873E /* Debug */,
				01F77BC52EB5C6730067873E /* Release */,
			);
			defaultConfigurationIsVisible = 0;
			defaultConfigurationName = Release;
		};
		01F77BC62EB5C6730067873E /* Build configuration list for PBXNativeTarget "clientTests" */ = {
			isa = XCConfigurationList;
			buildConfigurations = (
				01F77BC72EB5C6730067873E /* Debug */,
				01F77BC82EB5C6730067873E /* Release */,
			);
			defaultConfigurationIsVisible = 0;
			defaultConfigurationName = Release;
		};
		01F77BC92EB5C6730067873E /* Build configuration list for PBXNativeTarget "clientUITests" */ = {
			isa = XCConfigurationList;
			buildConfigurations = (
				01F77BCA2EB5C6730067873E /* Debug */,
				01F77BCB2EB5C6730067873E /* Release */,
			);
			defaultConfigurationIsVisible = 0;
			defaultConfigurationName = Release;
		};
/* End XCConfigurationList section */

/* Begin XCRemoteSwiftPackageReference section */
		012B8D112EB5CD4200C682F1 /* XCRemoteSwiftPackageReference "grpc-swift-2" */ = {
			isa = XCRemoteSwiftPackageReference;
			repositoryURL = "https://github.com/grpc/grpc-swift-2.git";
			requirement = {
				kind = upToNextMajorVersion;
				minimumVersion = 2.1.0;
			};
		};
		012B8D182EB5CD8C00C682F1 /* XCRemoteSwiftPackageReference "grpc-swift-protobuf" */ = {
			isa = XCRemoteSwiftPackageReference;
			repositoryURL = "https://github.com/grpc/grpc-swift-protobuf.git";
			requirement = {
				kind = upToNextMajorVersion;
				minimumVersion = 2.1.1;
			};
		};
/* End XCRemoteSwiftPackageReference section */

/* Begin XCSwiftPackageProductDependency section */
		012B8D122EB5CD4200C682F1 /* GRPCCodeGen */ = {
			isa = XCSwiftPackageProductDependency;
			package = 012B8D112EB5CD4200C682F1 /* XCRemoteSwiftPackageReference "grpc-swift-2" */;
			productName = GRPCCodeGen;
		};
		012B8D142EB5CD4200C682F1 /* GRPCCore */ = {
			isa = XCSwiftPackageProductDependency;
			package = 012B8D112EB5CD4200C682F1 /* XCRemoteSwiftPackageReference "grpc-swift-2" */;
			productName = GRPCCore;
		};
		012B8D162EB5CD4200C682F1 /* GRPCInProcessTransport */ = {
			isa = XCSwiftPackageProductDependency;
			package = 012B8D112EB5CD4200C682F1 /* XCRemoteSwiftPackageReference "grpc-swift-2" */;
			productName = GRPCInProcessTransport;
		};
		012B8D192EB5CD8C00C682F1 /* GRPCProtobuf */ = {
			isa = XCSwiftPackageProductDependency;
			package = 012B8D182EB5CD8C00C682F1 /* XCRemoteSwiftPackageReference "grpc-swift-protobuf" */;
			productName = GRPCProtobuf;
		};
		012B8D1B2EB5CD8C00C682F1 /* protoc-gen-grpc-swift-2 */ = {
			isa = XCSwiftPackageProductDependency;
			package = 012B8D182EB5CD8C00C682F1 /* XCRemoteSwiftPackageReference "grpc-swift-protobuf" */;
			productName = "protoc-gen-grpc-swift-2";
		};
/* End XCSwiftPackageProductDependency section */
	};
	rootObject = 01F77B982EB5C6720067873E /* Project object */;
}
